{
  "name": "air",
  "lockfileVersion": 3,
  "requires": true,
  "packages": {
    "": {
      "dependencies": {
        "essential-audio-player": "^2.1.0"
      }
    },
    "node_modules/essential-audio-player": {
      "version": "2.1.0",
      "resolved": "https://registry.npmjs.org/essential-audio-player/-/essential-audio-player-2.1.0.tgz",
      "integrity": "sha512-USpneAxHs8ON3oH5BfArUbsy3zV3MNeq0X/zzMbq0V1o5/78bcCFCmg/1Tx1q1LUIuRMYJY6r+3yKZ2B78D0Nw==",
      "license": "SEE LICENSE IN License.txt"
    }
  }
}
